
Microsoft Visual Studio Solution File, Format Version 12.00
# Visual Studio Version 16
VisualStudioVersion = 16.0.30803.129
MinimumVisualStudioVersion = 10.0.40219.1
Project("{2150E333-8FDC-42A3-9474-1A3956D46DE8}") = "Services", "Services", "{E70934F7-6DE3-437D-B35D-387B7D093372}"
EndProject
Project("{2150E333-8FDC-42A3-9474-1A3956D46DE8}") = "Catalog", "Catalog", "{FAFB393A-F9EA-43AB-A2C1-8A19E49C93F7}"
EndProject
Project("{FAE04EC0-301F-11D3-BF4B-00C04F79EFBC}") = "Catalog.API", "Services\Catalog\Catalog.API\Catalog.API.csproj", "{4F4DEE4E-FBDB-4E7C-A200-E38F5A35D3B0}"
EndProject
Global
	GlobalSection(SolutionConfigurationPlatforms) = preSolution
		Debug|Any CPU = Debug|Any CPU
		Release|Any CPU = Release|Any CPU
	EndGlobalSection
	GlobalSection(ProjectConfigurationPlatforms) = postSolution
		{4F4DEE4E-FBDB-4E7C-A200-E38F5A35D3B0}.Debug|Any CPU.ActiveCfg = Debug|Any CPU
		{4F4DEE4E-FBDB-4E7C-A200-E38F5A35D3B0}.Debug|Any CPU.Build.0 = Debug|Any CPU
		{4F4DEE4E-FBDB-4E7C-A200-E38F5A35D3B0}.Release|Any CPU.ActiveCfg = Release|Any CPU
		{4F4DEE4E-FBDB-4E7C-A200-E38F5A35D3B0}.Release|Any CPU.Build.0 = Release|Any CPU
	EndGlobalSection
	GlobalSection(SolutionProperties) = preSolution
		HideSolutionNode = FALSE
	EndGlobalSection
	GlobalSection(NestedProjects) = preSolution
		{FAFB393A-F9EA-43AB-A2C1-8A19E49C93F7} = {E70934F7-6DE3-437D-B35D-387B7D093372}
		{4F4DEE4E-FBDB-4E7C-A200-E38F5A35D3B0} = {FAFB393A-F9EA-43AB-A2C1-8A19E49C93F7}
	EndGlobalSection
	GlobalSection(ExtensibilityGlobals) = postSolution
		SolutionGuid = {977CB6FB-150C-4428-A847-5214AFDDC375}
	EndGlobalSection
EndGlobal
